
Microsoft Visual Studio Solution File, Format Version 12.00
# Visual Studio Version 17
VisualStudioVersion = 17.0.31903.59
MinimumVisualStudioVersion = 10.0.40219.1
Project("{FAE04EC0-301F-11D3-BF4B-00C04F79EFBC}") = "Alaris.Quantlib", "Alaris.Quantlib\Alaris.Quantlib.csproj", "{485A43AB-E9A8-4602-827D-7E95C3F0B006}"
EndProject
Project("{FAE04EC0-301F-11D3-BF4B-00C04F79EFBC}") = "Alaris.Double", "Alaris.Double\Alaris.Double.csproj", "{FF8C704C-1198-497E-B13D-18B59AD7E03F}"
EndProject
Project("{FAE04EC0-301F-11D3-BF4B-00C04F79EFBC}") = "Alaris.Strategy", "Alaris.Strategy\Alaris.Strategy.csproj", "{57B7C6A2-D825-4490-A4F7-2E0559DE0A0B}"
EndProject
Project("{FAE04EC0-301F-11D3-BF4B-00C04F79EFBC}") = "Alaris.Test", "Alaris.Test\Alaris.Test.csproj", "{C2D00E91-48DE-4779-B438-2BC4E2953934}"
EndProject
Project("{FAE04EC0-301F-11D3-BF4B-00C04F79EFBC}") = "Alaris.Simulation", "Alaris.Simulation\Alaris.Simulation.csproj", "{E9F28E1D-68AF-4FC0-BA7C-BF01C544C596}"
EndProject
Project("{FAE04EC0-301F-11D3-BF4B-00C04F79EFBC}") = "Alaris.Core", "Alaris.Core\Alaris.Core.csproj", "{4DFFAAA3-A5F0-4326-978F-BD0834DBAC43}"
EndProject
Project("{FAE04EC0-301F-11D3-BF4B-00C04F79EFBC}") = "Alaris.Infrastructure", "Alaris.Infrastructure\Alaris.Infrastructure.csproj", "{A986D5C8-5907-4EE4-B9C1-5F4025E12EC6}"
EndProject
Project("{FAE04EC0-301F-11D3-BF4B-00C04F79EFBC}") = "Alaris.Host", "Alaris.Host\Alaris.Host.csproj", "{0D16E4AB-5173-41B3-B843-896F5EB67DF9}"
EndProject
Global
	GlobalSection(SolutionConfigurationPlatforms) = preSolution
		Debug|Any CPU = Debug|Any CPU
		Debug|x64 = Debug|x64
		Debug|x86 = Debug|x86
		Release|Any CPU = Release|Any CPU
		Release|x64 = Release|x64
		Release|x86 = Release|x86
	EndGlobalSection
	GlobalSection(ProjectConfigurationPlatforms) = postSolution
		{485A43AB-E9A8-4602-827D-7E95C3F0B006}.Debug|Any CPU.ActiveCfg = Debug|Any CPU
		{485A43AB-E9A8-4602-827D-7E95C3F0B006}.Debug|Any CPU.Build.0 = Debug|Any CPU
		{485A43AB-E9A8-4602-827D-7E95C3F0B006}.Debug|x64.ActiveCfg = Debug|Any CPU
		{485A43AB-E9A8-4602-827D-7E95C3F0B006}.Debug|x64.Build.0 = Debug|Any CPU
		{485A43AB-E9A8-4602-827D-7E95C3F0B006}.Debug|x86.ActiveCfg = Debug|Any CPU
		{485A43AB-E9A8-4602-827D-7E95C3F0B006}.Debug|x86.Build.0 = Debug|Any CPU
		{485A43AB-E9A8-4602-827D-7E95C3F0B006}.Release|Any CPU.ActiveCfg = Release|Any CPU
		{485A43AB-E9A8-4602-827D-7E95C3F0B006}.Release|Any CPU.Build.0 = Release|Any CPU
		{485A43AB-E9A8-4602-827D-7E95C3F0B006}.Release|x64.ActiveCfg = Release|Any CPU
		{485A43AB-E9A8-4602-827D-7E95C3F0B006}.Release|x64.Build.0 = Release|Any CPU
		{485A43AB-E9A8-4602-827D-7E95C3F0B006}.Release|x86.ActiveCfg = Release|Any CPU
		{485A43AB-E9A8-4602-827D-7E95C3F0B006}.Release|x86.Build.0 = Release|Any CPU
		{FF8C704C-1198-497E-B13D-18B59AD7E03F}.Debug|Any CPU.ActiveCfg = Debug|Any CPU
		{FF8C704C-1198-497E-B13D-18B59AD7E03F}.Debug|Any CPU.Build.0 = Debug|Any CPU
		{FF8C704C-1198-497E-B13D-18B59AD7E03F}.Debug|x64.ActiveCfg = Debug|Any CPU
		{FF8C704C-1198-497E-B13D-18B59AD7E03F}.Debug|x64.Build.0 = Debug|Any CPU
		{FF8C704C-1198-497E-B13D-18B59AD7E03F}.Debug|x86.ActiveCfg = Debug|Any CPU
		{FF8C704C-1198-497E-B13D-18B59AD7E03F}.Debug|x86.Build.0 = Debug|Any CPU
		{FF8C704C-1198-497E-B13D-18B59AD7E03F}.Release|Any CPU.ActiveCfg = Release|Any CPU
		{FF8C704C-1198-497E-B13D-18B59AD7E03F}.Release|Any CPU.Build.0 = Release|Any CPU
		{FF8C704C-1198-497E-B13D-18B59AD7E03F}.Release|x64.ActiveCfg = Release|Any CPU
		{FF8C704C-1198-497E-B13D-18B59AD7E03F}.Release|x64.Build.0 = Release|Any CPU
		{FF8C704C-1198-497E-B13D-18B59AD7E03F}.Release|x86.ActiveCfg = Release|Any CPU
		{FF8C704C-1198-497E-B13D-18B59AD7E03F}.Release|x86.Build.0 = Release|Any CPU
		{57B7C6A2-D825-4490-A4F7-2E0559DE0A0B}.Debug|Any CPU.ActiveCfg = Debug|Any CPU
		{57B7C6A2-D825-4490-A4F7-2E0559DE0A0B}.Debug|Any CPU.Build.0 = Debug|Any CPU
		{57B7C6A2-D825-4490-A4F7-2E0559DE0A0B}.Debug|x64.ActiveCfg = Debug|Any CPU
		{57B7C6A2-D825-4490-A4F7-2E0559DE0A0B}.Debug|x64.Build.0 = Debug|Any CPU
		{57B7C6A2-D825-4490-A4F7-2E0559DE0A0B}.Debug|x86.ActiveCfg = Debug|Any CPU
		{57B7C6A2-D825-4490-A4F7-2E0559DE0A0B}.Debug|x86.Build.0 = Debug|Any CPU
		{57B7C6A2-D825-4490-A4F7-2E0559DE0A0B}.Release|Any CPU.ActiveCfg = Release|Any CPU
		{57B7C6A2-D825-4490-A4F7-2E0559DE0A0B}.Release|Any CPU.Build.0 = Release|Any CPU
		{57B7C6A2-D825-4490-A4F7-2E0559DE0A0B}.Release|x64.ActiveCfg = Release|Any CPU
		{57B7C6A2-D825-4490-A4F7-2E0559DE0A0B}.Release|x64.Build.0 = Release|Any CPU
		{57B7C6A2-D825-4490-A4F7-2E0559DE0A0B}.Release|x86.ActiveCfg = Release|Any CPU
		{57B7C6A2-D825-4490-A4F7-2E0559DE0A0B}.Release|x86.Build.0 = Release|Any CPU
		{C2D00E91-48DE-4779-B438-2BC4E2953934}.Debug|Any CPU.ActiveCfg = Debug|Any CPU
		{C2D00E91-48DE-4779-B438-2BC4E2953934}.Debug|Any CPU.Build.0 = Debug|Any CPU
		{C2D00E91-48DE-4779-B438-2BC4E2953934}.Debug|x64.ActiveCfg = Debug|Any CPU
		{C2D00E91-48DE-4779-B438-2BC4E2953934}.Debug|x64.Build.0 = Debug|Any CPU
		{C2D00E91-48DE-4779-B438-2BC4E2953934}.Debug|x86.ActiveCfg = Debug|Any CPU
		{C2D00E91-48DE-4779-B438-2BC4E2953934}.Debug|x86.Build.0 = Debug|Any CPU
		{C2D00E91-48DE-4779-B438-2BC4E2953934}.Release|Any CPU.ActiveCfg = Release|Any CPU
		{C2D00E91-48DE-4779-B438-2BC4E2953934}.Release|Any CPU.Build.0 = Release|Any CPU
		{C2D00E91-48DE-4779-B438-2BC4E2953934}.Release|x64.ActiveCfg = Release|Any CPU
		{C2D00E91-48DE-4779-B438-2BC4E2953934}.Release|x64.Build.0 = Release|Any CPU
		{C2D00E91-48DE-4779-B438-2BC4E2953934}.Release|x86.ActiveCfg = Release|Any CPU
		{C2D00E91-48DE-4779-B438-2BC4E2953934}.Release|x86.Build.0 = Release|Any CPU
		{E9F28E1D-68AF-4FC0-BA7C-BF01C544C596}.Debug|Any CPU.ActiveCfg = Debug|Any CPU
		{E9F28E1D-68AF-4FC0-BA7C-BF01C544C596}.Debug|Any CPU.Build.0 = Debug|Any CPU
		{E9F28E1D-68AF-4FC0-BA7C-BF01C544C596}.Debug|x64.ActiveCfg = Debug|Any CPU
		{E9F28E1D-68AF-4FC0-BA7C-BF01C544C596}.Debug|x64.Build.0 = Debug|Any CPU
		{E9F28E1D-68AF-4FC0-BA7C-BF01C544C596}.Debug|x86.ActiveCfg = Debug|Any CPU
		{E9F28E1D-68AF-4FC0-BA7C-BF01C544C596}.Debug|x86.Build.0 = Debug|Any CPU
		{E9F28E1D-68AF-4FC0-BA7C-BF01C544C596}.Release|Any CPU.ActiveCfg = Release|Any CPU
		{E9F28E1D-68AF-4FC0-BA7C-BF01C544C596}.Release|Any CPU.Build.0 = Release|Any CPU
		{E9F28E1D-68AF-4FC0-BA7C-BF01C544C596}.Release|x64.ActiveCfg = Release|Any CPU
		{E9F28E1D-68AF-4FC0-BA7C-BF01C544C596}.Release|x64.Build.0 = Release|Any CPU
		{E9F28E1D-68AF-4FC0-BA7C-BF01C544C596}.Release|x86.ActiveCfg = Release|Any CPU
		{E9F28E1D-68AF-4FC0-BA7C-BF01C544C596}.Release|x86.Build.0 = Release|Any CPU
		{4DFFAAA3-A5F0-4326-978F-BD0834DBAC43}.Debug|Any CPU.ActiveCfg = Debug|Any CPU
		{4DFFAAA3-A5F0-4326-978F-BD0834DBAC43}.Debug|Any CPU.Build.0 = Debug|Any CPU
		{4DFFAAA3-A5F0-4326-978F-BD0834DBAC43}.Debug|x64.ActiveCfg = Debug|Any CPU
		{4DFFAAA3-A5F0-4326-978F-BD0834DBAC43}.Debug|x64.Build.0 = Debug|Any CPU
		{4DFFAAA3-A5F0-4326-978F-BD0834DBAC43}.Debug|x86.ActiveCfg = Debug|Any CPU
		{4DFFAAA3-A5F0-4326-978F-BD0834DBAC43}.Debug|x86.Build.0 = Debug|Any CPU
		{4DFFAAA3-A5F0-4326-978F-BD0834DBAC43}.Release|Any CPU.ActiveCfg = Release|Any CPU
		{4DFFAAA3-A5F0-4326-978F-BD0834DBAC43}.Release|Any CPU.Build.0 = Release|Any CPU
		{4DFFAAA3-A5F0-4326-978F-BD0834DBAC43}.Release|x64.ActiveCfg = Release|Any CPU
		{4DFFAAA3-A5F0-4326-978F-BD0834DBAC43}.Release|x64.Build.0 = Release|Any CPU
		{4DFFAAA3-A5F0-4326-978F-BD0834DBAC43}.Release|x86.ActiveCfg = Release|Any CPU
		{4DFFAAA3-A5F0-4326-978F-BD0834DBAC43}.Release|x86.Build.0 = Release|Any CPU
		{A986D5C8-5907-4EE4-B9C1-5F4025E12EC6}.Debug|Any CPU.ActiveCfg = Debug|Any CPU
		{A986D5C8-5907-4EE4-B9C1-5F4025E12EC6}.Debug|Any CPU.Build.0 = Debug|Any CPU
		{A986D5C8-5907-4EE4-B9C1-5F4025E12EC6}.Debug|x64.ActiveCfg = Debug|Any CPU
		{A986D5C8-5907-4EE4-B9C1-5F4025E12EC6}.Debug|x64.Build.0 = Debug|Any CPU
		{A986D5C8-5907-4EE4-B9C1-5F4025E12EC6}.Debug|x86.ActiveCfg = Debug|Any CPU
		{A986D5C8-5907-4EE4-B9C1-5F4025E12EC6}.Debug|x86.Build.0 = Debug|Any CPU
		{A986D5C8-5907-4EE4-B9C1-5F4025E12EC6}.Release|Any CPU.ActiveCfg = Release|Any CPU
		{A986D5C8-5907-4EE4-B9C1-5F4025E12EC6}.Release|Any CPU.Build.0 = Release|Any CPU
		{A986D5C8-5907-4EE4-B9C1-5F4025E12EC6}.Release|x64.ActiveCfg = Release|Any CPU
		{A986D5C8-5907-4EE4-B9C1-5F4025E12EC6}.Release|x64.Build.0 = Release|Any CPU
		{A986D5C8-5907-4EE4-B9C1-5F4025E12EC6}.Release|x86.ActiveCfg = Release|Any CPU
		{A986D5C8-5907-4EE4-B9C1-5F4025E12EC6}.Release|x86.Build.0 = Release|Any CPU
		{0D16E4AB-5173-41B3-B843-896F5EB67DF9}.Debug|Any CPU.ActiveCfg = Debug|Any CPU
		{0D16E4AB-5173-41B3-B843-896F5EB67DF9}.Debug|Any CPU.Build.0 = Debug|Any CPU
		{0D16E4AB-5173-41B3-B843-896F5EB67DF9}.Debug|x64.ActiveCfg = Debug|Any CPU
		{0D16E4AB-5173-41B3-B843-896F5EB67DF9}.Debug|x64.Build.0 = Debug|Any CPU
		{0D16E4AB-5173-41B3-B843-896F5EB67DF9}.Debug|x86.ActiveCfg = Debug|Any CPU
		{0D16E4AB-5173-41B3-B843-896F5EB67DF9}.Debug|x86.Build.0 = Debug|Any CPU
		{0D16E4AB-5173-41B3-B843-896F5EB67DF9}.Release|Any CPU.ActiveCfg = Release|Any CPU
		{0D16E4AB-5173-41B3-B843-896F5EB67DF9}.Release|Any CPU.Build.0 = Release|Any CPU
		{0D16E4AB-5173-41B3-B843-896F5EB67DF9}.Release|x64.ActiveCfg = Release|Any CPU
		{0D16E4AB-5173-41B3-B843-896F5EB67DF9}.Release|x64.Build.0 = Release|Any CPU
		{0D16E4AB-5173-41B3-B843-896F5EB67DF9}.Release|x86.ActiveCfg = Release|Any CPU
		{0D16E4AB-5173-41B3-B843-896F5EB67DF9}.Release|x86.Build.0 = Release|Any CPU
	EndGlobalSection
	GlobalSection(SolutionProperties) = preSolution
		HideSolutionNode = FALSE
	EndGlobalSection
EndGlobal
